// !$*UTF8*$!
{
	archiveVersion = 1;
	classes = {
	};
	objectVersion = 56;
	objects = {

/* Begin PBXBuildFile section */
		DFD8E0872B76899E00EDE5E7 /* Landmark3App.swift in Sources */ = {isa = PBXBuildFile; fileRef = DFD8E0862B76899E00EDE5E7 /* Landmark3App.swift */; };
		DFD8E08B2B7689A000EDE5E7 /* Assets.xcassets in Resources */ = {isa = PBXBuildFile; fileRef = DFD8E08A2B7689A000EDE5E7 /* Assets.xcassets */; };
		DFD8E08E2B7689A000EDE5E7 /* Preview Assets.xcassets in Resources */ = {isa = PBXBuildFile; fileRef = DFD8E08D2B7689A000EDE5E7 /* Preview Assets.xcassets */; };
		DFD8E0962B768A2700EDE5E7 /* DetailView.swift in Sources */ = {isa = PBXBuildFile; fileRef = DFD8E0952B768A2700EDE5E7 /* DetailView.swift */; };
		DFD8E0992B768B3500EDE5E7 /* Landmark.swift in Sources */ = {isa = PBXBuildFile; fileRef = DFD8E0982B768B3500EDE5E7 /* Landmark.swift */; };
		DFEF6B592B768E2B006E7E30 /* ListView.swift in Sources */ = {isa = PBXBuildFile; fileRef = DFEF6B582B768E2B006E7E30 /* ListView.swift */; };
		DFEF6B5B2B769004006E7E30 /* ListItemView.swift in Sources */ = {isa = PBXBuildFile; fileRef = DFEF6B5A2B769004006E7E30 /* ListItemView.swift */; };
		DFEF6B5D2B7690E4006E7E30 /* GalleryItemView.swift in Sources */ = {isa = PBXBuildFile; fileRef = DFEF6B5C2B7690E4006E7E30 /* GalleryItemView.swift */; };
		DFEF6B5F2B769223006E7E30 /* GalleryView.swift in Sources */ = {isa = PBXBuildFile; fileRef = DFEF6B5E2B769223006E7E30 /* GalleryView.swift */; };
/* End PBXBuildFile section */

/* Begin PBXFileReference section */
		DFD8E0832B76899E00EDE5E7 /* Landmark3.app */ = {isa = PBXFileReference; explicitFileType = wrapper.application; includeInIndex = 0; path = Landmark3.app; sourceTree = BUILT_PRODUCTS_DIR; };
		DFD8E0862B76899E00EDE5E7 /* Landmark3App.swift */ = {isa = PBXFileReference; lastKnownFileType = sourcecode.swift; path = Landmark3App.swift; sourceTree = "<group>"; };
		DFD8E08A2B7689A000EDE5E7 /* Assets.xcassets */ = {isa = PBXFileReference; lastKnownFileType = folder.assetcatalog; path = Assets.xcassets; sourceTree = "<group>"; };
		DFD8E08D2B7689A000EDE5E7 /* Preview Assets.xcassets */ = {isa = PBXFileReference; lastKnownFileType = folder.assetcatalog; path = "Preview Assets.xcassets"; sourceTree = "<group>"; };
		DFD8E0952B768A2700EDE5E7 /* DetailView.swift */ = {isa = PBXFileReference; lastKnownFileType = sourcecode.swift; path = DetailView.swift; sourceTree = "<group>"; };
		DFD8E0982B768B3500EDE5E7 /* Landmark.swift */ = {isa = PBXFileReference; lastKnownFileType = sourcecode.swift; path = Landmark.swift; sourceTree = "<group>"; };
		DFEF6B582B768E2B006E7E30 /* ListView.swift */ = {isa = PBXFileReference; lastKnownFileType = sourcecode.swift; path = ListView.swift; sourceTree = "<group>"; };
		DFEF6B5A2B769004006E7E30 /* ListItemView.swift */ = {isa = PBXFileReference; lastKnownFileType = sourcecode.swift; path = ListItemView.swift; sourceTree = "<group>"; };
		DFEF6B5C2B7690E4006E7E30 /* GalleryItemView.swift */ = {isa = PBXFileReference; lastKnownFileType = sourcecode.swift; path = GalleryItemView.swift; sourceTree = "<group>"; };
		DFEF6B5E2B769223006E7E30 /* GalleryView.swift */ = {isa = PBXFileReference; lastKnownFileType = sourcecode.swift; path = GalleryView.swift; sourceTree = "<group>"; };
/* End PBXFileReference section */

/* Begin PBXFrameworksBuildPhase section */
		DFD8E0802B76899E00EDE5E7 /* Frameworks */ = {
			isa = PBXFrameworksBuildPhase;
			buildActionMask = 2147483647;
			files = (
			);
			runOnlyForDeploymentPostprocessing = 0;
		};
/* End PBXFrameworksBuildPhase section */

/* Begin PBXGroup section */
		DFD8E07A2B76899E00EDE5E7 = {
			isa = PBXGroup;
			children = (
				DFD8E0852B76899E00EDE5E7 /* Landmark3 */,
				DFD8E0842B76899E00EDE5E7 /* Products */,
			);
			sourceTree = "<group>";
		};
		DFD8E0842B76899E00EDE5E7 /* Products */ = {
			isa = PBXGroup;
			children = (
				DFD8E0832B76899E00EDE5E7 /* Landmark3.app */,
			);
			name = Products;
			sourceTree = "<group>";
		};
		DFD8E0852B76899E00EDE5E7 /* Landmark3 */ = {
			isa = PBXGroup;
			children = (
				DFD8E0862B76899E00EDE5E7 /* Landmark3App.swift */,
				DFD8E0972B768B1200EDE5E7 /* Model */,
				DFD8E0942B7689E200EDE5E7 /* Views */,
				DFD8E08A2B7689A000EDE5E7 /* Assets.xcassets */,
				DFD8E08C2B7689A000EDE5E7 /* Preview Content */,
			);
			path = Landmark3;
			sourceTree = "<group>";
		};
		DFD8E08C2B7689A000EDE5E7 /* Preview Content */ = {
			isa = PBXGroup;
			children = (
				DFD8E08D2B7689A000EDE5E7 /* Preview Assets.xcassets */,
			);
			path = "Preview Content";
			sourceTree = "<group>";
		};
		DFD8E0942B7689E200EDE5E7 /* Views */ = {
			isa = PBXGroup;
			children = (
				DFD8E0952B768A2700EDE5E7 /* DetailView.swift */,
				DFEF6B582B768E2B006E7E30 /* ListView.swift */,
				DFEF6B5A2B769004006E7E30 /* ListItemView.swift */,
				DFEF6B5C2B7690E4006E7E30 /* GalleryItemView.swift */,
				DFEF6B5E2B769223006E7E30 /* GalleryView.swift */,
			);
			path = Views;
			sourceTree = "<group>";
		};
		DFD8E0972B768B1200EDE5E7 /* Model */ = {
			isa = PBXGroup;
			children = (
				DFD8E0982B768B3500EDE5E7 /* Landmark.swift */,
			);
			path = Model;
			sourceTree = "<group>";
		};
/* End PBXGroup section */

/* Begin PBXNativeTarget section */
		DFD8E0822B76899E00EDE5E7 /* Landmark3 */ = {
			isa = PBXNativeTarget;
			buildConfigurationList = DFD8E0912B7689A000EDE5E7 /* Build configuration list for PBXNativeTarget "Landmark3" */;
			buildPhases = (
				DFD8E07F2B76899E00EDE5E7 /* Sources */,
				DFD8E0802B76899E00EDE5E7 /* Frameworks */,
				DFD8E0812B76899E00EDE5E7 /* Resources */,
			);
			buildRules = (
			);
			dependencies = (
			);
			name = Landmark3;
			productName = Landmark3;
			productReference = DFD8E0832B76899E00EDE5E7 /* Landmark3.app */;
			productType = "com.apple.product-type.application";
		};
/* End PBXNativeTarget section */

/* Begin PBXProject section */
		DFD8E07B2B76899E00EDE5E7 /* Project object */ = {
			isa = PBXProject;
			attributes = {
				BuildIndependentTargetsInParallel = 1;
				LastSwiftUpdateCheck = 1520;
				LastUpgradeCheck = 1520;
				TargetAttributes = {
					DFD8E0822B76899E00EDE5E7 = {
						CreatedOnToolsVersion = 15.2;
					};
				};
			};
			buildConfigurationList = DFD8E07E2B76899E00EDE5E7 /* Build configuration list for PBXProject "Landmark3" */;
			compatibilityVersion = "Xcode 14.0";
			developmentRegion = en;
			hasScannedForEncodings = 0;
			knownRegions = (
				en,
				Base,
			);
			mainGroup = DFD8E07A2B76899E00EDE5E7;
			productRefGroup = DFD8E0842B76899E00EDE5E7 /* Products */;
			projectDirPath = "";
			projectRoot = "";
			targets = (
				DFD8E0822B76899E00EDE5E7 /* Landmark3 */,
			);
		};
/* End PBXProject section */

/* Begin PBXResourcesBuildPhase section */
		DFD8E0812B76899E00EDE5E7 /* Resources */ = {
			isa = PBXResourcesBuildPhase;
			buildActionMask = 2147483647;
			files = (
				DFD8E08E2B7689A000EDE5E7 /* Preview Assets.xcassets in Resources */,
				DFD8E08B2B7689A000EDE5E7 /* Assets.xcassets in Resources */,
			);
			runOnlyForDeploymentPostprocessing = 0;
		};
/* End PBXResourcesBuildPhase section */

/* Begin PBXSourcesBuildPhase section */
		DFD8E07F2B76899E00EDE5E7 /* Sources */ = {
			isa = PBXSourcesBuildPhase;
			buildActionMask = 2147483647;
			files = (
				DFEF6B5F2B769223006E7E30 /* GalleryView.swift in Sources */,
				DFEF6B5D2B7690E4006E7E30 /* GalleryItemView.swift in Sources */,
				DFEF6B5B2B769004006E7E30 /* ListItemView.swift in Sources */,
				DFEF6B592B768E2B006E7E30 /* ListView.swift in Sources */,
				DFD8E0872B76899E00EDE5E7 /* Landmark3App.swift in Sources */,
				DFD8E0962B768A2700EDE5E7 /* DetailView.swift in Sources */,
				DFD8E0992B768B3500EDE5E7 /* Landmark.swift in Sources */,
			);
			runOnlyForDeploymentPostprocessing = 0;
		};
/* End PBXSourcesBuildPhase section */

/* Begin XCBuildConfiguration section */
		DFD8E08F2B7689A000EDE5E7 /* Debug */ = {
			isa = XCBuildConfiguration;
			buildSettings = {
				ALWAYS_SEARCH_USER_PATHS = NO;
				ASSETCATALOG_COMPILER_GENERATE_SWIFT_ASSET_SYMBOL_EXTENSIONS = YES;
				CLANG_ANALYZER_NONNULL = YES;
				CLANG_ANALYZER_NUMBER_OBJECT_CONVERSION = YES_AGGRESSIVE;
				CLANG_CXX_LANGUAGE_STANDARD = "gnu++20";
				CLANG_ENABLE_MODULES = YES;
				CLANG_ENABLE_OBJC_ARC = YES;
				CLANG_ENABLE_OBJC_WEAK = YES;
				CLANG_WARN_BLOCK_CAPTURE_AUTORELEASING = YES;
				CLANG_WARN_BOOL_CONVERSION = YES;
				CLANG_WARN_COMMA = YES;
				CLANG_WARN_CONSTANT_CONVERSION = YES;
				CLANG_WARN_DEPRECATED_OBJC_IMPLEMENTATIONS = YES;
				CLANG_WARN_DIRECT_OBJC_ISA_USAGE = YES_ERROR;
				CLANG_WARN_DOCUMENTATION_COMMENTS = YES;
				CLANG_WARN_EMPTY_BODY = YES;
				CLANG_WARN_ENUM_CONVERSION = YES;
				CLANG_WARN_INFINITE_RECURSION = YES;
				CLANG_WARN_INT_CONVERSION = YES;
				CLANG_WARN_NON_LITERAL_NULL_CONVERSION = YES;
				CLANG_WARN_OBJC_IMPLICIT_RETAIN_SELF = YES;
				CLANG_WARN_OBJC_LITERAL_CONVERSION = YES;
				CLANG_WARN_OBJC_ROOT_CLASS = YES_ERROR;
				CLANG_WARN_QUOTED_INCLUDE_IN_FRAMEWORK_HEADER = YES;
				CLANG_WARN_RANGE_LOOP_ANALYSIS = YES;
				CLANG_WARN_STRICT_PROTOTYPES = YES;
				CLANG_WARN_SUSPICIOUS_MOVE = YES;
				CLANG_WARN_UNGUARDED_AVAILABILITY = YES_AGGRESSIVE;
				CLANG_WARN_UNREACHABLE_CODE = YES;
				CLANG_WARN__DUPLICATE_METHOD_MATCH = YES;
				COPY_PHASE_STRIP = NO;
				DEBUG_INFORMATION_FORMAT = dwarf;
				ENABLE_STRICT_OBJC_MSGSEND = YES;
				ENABLE_TESTABILITY = YES;
				ENABLE_USER_SCRIPT_SANDBOXING = YES;
				GCC_C_LANGUAGE_STANDARD = gnu17;
				GCC_DYNAMIC_NO_PIC = NO;
				GCC_NO_COMMON_BLOCKS = YES;
				GCC_OPTIMIZATION_LEVEL = 0;
				GCC_PREPROCESSOR_DEFINITIONS = (
					"DEBUG=1",
					"$(inherited)",
				);
				GCC_WARN_64_TO_32_BIT_CONVERSION = YES;
				GCC_WARN_ABOUT_RETURN_TYPE = YES_ERROR;
				GCC_WARN_UNDECLARED_SELECTOR = YES;
				GCC_WARN_UNINITIALIZED_AUTOS = YES_AGGRESSIVE;
				GCC_WARN_UNUSED_FUNCTION = YES;
				GCC_WARN_UNUSED_VARIABLE = YES;
				IPHONEOS_DEPLOYMENT_TARGET = 17.2;
				LOCALIZATION_PREFERS_STRING_CATALOGS = YES;
				MTL_ENABLE_DEBUG_INFO = INCLUDE_SOURCE;
				MTL_FAST_MATH = YES;
				ONLY_ACTIVE_ARCH = YES;
				SDKROOT = iphoneos;
				SWIFT_ACTIVE_COMPILATION_CONDITIONS = "DEBUG $(inherited)";
				SWIFT_OPTIMIZATION_LEVEL = "-Onone";
			};
			name = Debug;
		};
		DFD8E0902B7689A000EDE5E7 /* Release */ = {
			isa = XCBuildConfiguration;
			buildSettings = {
				ALWAYS_SEARCH_USER_PATHS = NO;
				ASSETCATALOG_COMPILER_GENERATE_SWIFT_ASSET_SYMBOL_EXTENSIONS = YES;
				CLANG_ANALYZER_NONNULL = YES;
				CLANG_ANALYZER_NUMBER_OBJECT_CONVERSION = YES_AGGRESSIVE;
				CLANG_CXX_LANGUAGE_STANDARD = "gnu++20";
				CLANG_ENABLE_MODULES = YES;
				CLANG_ENABLE_OBJC_ARC = YES;
				CLANG_ENABLE_OBJC_WEAK = YES;
				CLANG_WARN_BLOCK_CAPTURE_AUTORELEASING = YES;
				CLANG_WARN_BOOL_CONVERSION = YES;
				CLANG_WARN_COMMA = YES;
				CLANG_WARN_CONSTANT_CONVERSION = YES;
				CLANG_WARN_DEPRECATED_OBJC_IMPLEMENTATIONS = YES;
				CLANG_WARN_DIRECT_OBJC_ISA_USAGE = YES_ERROR;
				CLANG_WARN_DOCUMENTATION_COMMENTS = YES;
				CLANG_WARN_EMPTY_BODY = YES;
				CLANG_WARN_ENUM_CONVERSION = YES;
				CLANG_WARN_INFINITE_RECURSION = YES;
				CLANG_WARN_INT_CONVERSION = YES;
				CLANG_WARN_NON_LITERAL_NULL_CONVERSION = YES;
				CLANG_WARN_OBJC_IMPLICIT_RETAIN_SELF = YES;
				CLANG_WARN_OBJC_LITERAL_CONVERSION = YES;
				CLANG_WARN_OBJC_ROOT_CLASS = YES_ERROR;
				CLANG_WARN_QUOTED_INCLUDE_IN_FRAMEWORK_HEADER = YES;
				CLANG_WARN_RANGE_LOOP_ANALYSIS = YES;
				CLANG_WARN_STRICT_PROTOTYPES = YES;
				CLANG_WARN_SUSPICIOUS_MOVE = YES;
				CLANG_WARN_UNGUARDED_AVAILABILITY = YES_AGGRESSIVE;
				CLANG_WARN_UNREACHABLE_CODE = YES;
				CLANG_WARN__DUPLICATE_METHOD_MATCH = YES;
				COPY_PHASE_STRIP = NO;
				DEBUG_INFORMATION_FORMAT = "dwarf-with-dsym";
				ENABLE_NS_ASSERTIONS = NO;
				ENABLE_STRICT_OBJC_MSGSEND = YES;
				ENABLE_USER_SCRIPT_SANDBOXING = YES;
				GCC_C_LANGUAGE_STANDARD = gnu17;
				GCC_NO_COMMON_BLOCKS = YES;
				GCC_WARN_64_TO_32_BIT_CONVERSION = YES;
				GCC_WARN_ABOUT_RETURN_TYPE = YES_ERROR;
				GCC_WARN_UNDECLARED_SELECTOR = YES;
				GCC_WARN_UNINITIALIZED_AUTOS = YES_AGGRESSIVE;
				GCC_WARN_UNUSED_FUNCTION = YES;
				GCC_WARN_UNUSED_VARIABLE = YES;
				IPHONEOS_DEPLOYMENT_TARGET = 17.2;
				LOCALIZATION_PREFERS_STRING_CATALOGS = YES;
				MTL_ENABLE_DEBUG_INFO = NO;
				MTL_FAST_MATH = YES;
				SDKROOT = iphoneos;
				SWIFT_COMPILATION_MODE = wholemodule;
				VALIDATE_PRODUCT = YES;
			};
			name = Release;
		};
		DFD8E0922B7689A000EDE5E7 /* Debug */ = {
			isa = XCBuildConfiguration;
			buildSettings = {
				ASSETCATALOG_COMPILER_APPICON_NAME = AppIcon;
				ASSETCATALOG_COMPILER_GLOBAL_ACCENT_COLOR_NAME = AccentColor;
				CODE_SIGN_STYLE = Automatic;
				CURRENT_PROJECT_VERSION = 1;
				DEVELOPMENT_ASSET_PATHS = "\"Landmark3/Preview Content\"";
				DEVELOPMENT_TEAM = HQ653CVRGS;
				ENABLE_PREVIEWS = YES;
				GENERATE_INFOPLIST_FILE = YES;
				INFOPLIST_KEY_UIApplicationSceneManifest_Generation = YES;
				INFOPLIST_KEY_UIApplicationSupportsIndirectInputEvents = YES;
				INFOPLIST_KEY_UILaunchScreen_Generation = YES;
				INFOPLIST_KEY_UISupportedInterfaceOrientations_iPad = "UIInterfaceOrientationPortrait UIInterfaceOrientationPortraitUpsideDown UIInterfaceOrientationLandscapeLeft UIInterfaceOrientationLandscapeRight";
				INFOPLIST_KEY_UISupportedInterfaceOrientations_iPhone = "UIInterfaceOrientationPortrait UIInterfaceOrientationLandscapeLeft UIInterfaceOrientationLandscapeRight";
				LD_RUNPATH_SEARCH_PATHS = (
					"$(inherited)",
					"@executable_path/Frameworks",
				);
				MARKETING_VERSION = 1.0;
				PRODUCT_BUNDLE_IDENTIFIER = ca.matthewzhang.Landmark3;
				PRODUCT_NAME = "$(TARGET_NAME)";
				SWIFT_EMIT_LOC_STRINGS = YES;
				SWIFT_VERSION = 5.0;
				TARGETED_DEVICE_FAMILY = "1,2";
			};
			name = Debug;
		};
		DFD8E0932B7689A000EDE5E7 /* Release */ = {
			isa = XCBuildConfiguration;
			buildSettings = {
				ASSETCATALOG_COMPILER_APPICON_NAME = AppIcon;
				ASSETCATALOG_COMPILER_GLOBAL_ACCENT_COLOR_NAME = AccentColor;
				CODE_SIGN_STYLE = Automatic;
				CURRENT_PROJECT_VERSION = 1;
				DEVELOPMENT_ASSET_PATHS = "\"Landmark3/Preview Content\"";
				DEVELOPMENT_TEAM = HQ653CVRGS;
				ENABLE_PREVIEWS = YES;
				GENERATE_INFOPLIST_FILE = YES;
				INFOPLIST_KEY_UIApplicationSceneManifest_Generation = YES;
				INFOPLIST_KEY_UIApplicationSupportsIndirectInputEvents = YES;
				INFOPLIST_KEY_UILaunchScreen_Generation = YES;
				INFOPLIST_KEY_UISupportedInterfaceOrientations_iPad = "UIInterfaceOrientationPortrait UIInterfaceOrientationPortraitUpsideDown UIInterfaceOrientationLandscapeLeft UIInterfaceOrientationLandscapeRight";
				INFOPLIST_KEY_UISupportedInterfaceOrientations_iPhone = "UIInterfaceOrientationPortrait UIInterfaceOrientationLandscapeLeft UIInterfaceOrientationLandscapeRight";
				LD_RUNPATH_SEARCH_PATHS = (
					"$(inherited)",
					"@executable_path/Frameworks",
				);
				MARKETING_VERSION = 1.0;
				PRODUCT_BUNDLE_IDENTIFIER = ca.matthewzhang.Landmark3;
				PRODUCT_NAME = "$(TARGET_NAME)";
				SWIFT_EMIT_LOC_STRINGS = YES;
				SWIFT_VERSION = 5.0;
				TARGETED_DEVICE_FAMILY = "1,2";
			};
			name = Release;
		};
/* End XCBuildConfiguration section */

/* Begin XCConfigurationList section */
		DFD8E07E2B76899E00EDE5E7 /* Build configuration list for PBXProject "Landmark3" */ = {
			isa = XCConfigurationList;
			buildConfigurations = (
				DFD8E08F2B7689A000EDE5E7 /* Debug */,
				DFD8E0902B7689A000EDE5E7 /* Release */,
			);
			defaultConfigurationIsVisible = 0;
			defaultConfigurationName = Release;
		};
		DFD8E0912B7689A000EDE5E7 /* Build configuration list for PBXNativeTarget "Landmark3" */ = {
			isa = XCConfigurationList;
			buildConfigurations = (
				DFD8E0922B7689A000EDE5E7 /* Debug */,
				DFD8E0932B7689A000EDE5E7 /* Release */,
			);
			defaultConfigurationIsVisible = 0;
			defaultConfigurationName = Release;
		};
/* End XCConfigurationList section */
	};
	rootObject = DFD8E07B2B76899E00EDE5E7 /* Project object */;
}
